// !$*UTF8*$!
{
	archiveVersion = 1;
	classes = {
	};
	objectVersion = 50;
	objects = {

/* Begin PBXBuildFile section */
		897A33D52404890A00170B13 /* AppDelegate.swift in Sources */ = {isa = PBXBuildFile; fileRef = 897A33D42404890A00170B13 /* AppDelegate.swift */; };
		897A33D72404890A00170B13 /* SceneDelegate.swift in Sources */ = {isa = PBXBuildFile; fileRef = 897A33D62404890A00170B13 /* SceneDelegate.swift */; };
		897A33D92404890A00170B13 /* ViewController.swift in Sources */ = {isa = PBXBuildFile; fileRef = 897A33D82404890A00170B13 /* ViewController.swift */; };
		897A33DC2404890A00170B13 /* Main.storyboard in Resources */ = {isa = PBXBuildFile; fileRef = 897A33DA2404890A00170B13 /* Main.storyboard */; };
		897A33DE2404890C00170B13 /* Assets.xcassets in Resources */ = {isa = PBXBuildFile; fileRef = 897A33DD2404890C00170B13 /* Assets.xcassets */; };
		897A33E12404890C00170B13 /* LaunchScreen.storyboard in Resources */ = {isa = PBXBuildFile; fileRef = 897A33DF2404890C00170B13 /* LaunchScreen.storyboard */; };
		897A33E92404BFBA00170B13 /* AboutViewController.swift in Sources */ = {isa = PBXBuildFile; fileRef = 897A33E82404BFBA00170B13 /* AboutViewController.swift */; };
		8993B5BF24075FA00016428B /* Bullseye.html in Resources */ = {isa = PBXBuildFile; fileRef = 8993B5BE24075FA00016428B /* Bullseye.html */; };
		8993B5C2240760130016428B /* WebKit.framework in Frameworks */ = {isa = PBXBuildFile; fileRef = 8993B5C1240760130016428B /* WebKit.framework */; };
		89D7CB9C240DEA4B00F4D8F2 /* HighScoresTableViewController.swift in Sources */ = {isa = PBXBuildFile; fileRef = 89D7CB9B240DEA4B00F4D8F2 /* HighScoresTableViewController.swift */; };
/* End PBXBuildFile section */

/* Begin PBXFileReference section */
		897A33D12404890A00170B13 /* Bullseye.app */ = {isa = PBXFileReference; explicitFileType = wrapper.application; includeInIndex = 0; path = Bullseye.app; sourceTree = BUILT_PRODUCTS_DIR; };
		897A33D42404890A00170B13 /* AppDelegate.swift */ = {isa = PBXFileReference; lastKnownFileType = sourcecode.swift; path = AppDelegate.swift; sourceTree = "<group>"; };
		897A33D62404890A00170B13 /* SceneDelegate.swift */ = {isa = PBXFileReference; lastKnownFileType = sourcecode.swift; path = SceneDelegate.swift; sourceTree = "<group>"; };
		897A33D82404890A00170B13 /* ViewController.swift */ = {isa = PBXFileReference; lastKnownFileType = sourcecode.swift; path = ViewController.swift; sourceTree = "<group>"; };
		897A33DB2404890A00170B13 /* Base */ = {isa = PBXFileReference; lastKnownFileType = file.storyboard; name = Base; path = Base.lproj/Main.storyboard; sourceTree = "<group>"; };
		897A33DD2404890C00170B13 /* Assets.xcassets */ = {isa = PBXFileReference; lastKnownFileType = folder.assetcatalog; path = Assets.xcassets; sourceTree = "<group>"; };
		897A33E02404890C00170B13 /* Base */ = {isa = PBXFileReference; lastKnownFileType = file.storyboard; name = Base; path = Base.lproj/LaunchScreen.storyboard; sourceTree = "<group>"; };
		897A33E22404890C00170B13 /* Info.plist */ = {isa = PBXFileReference; lastKnownFileType = text.plist.xml; path = Info.plist; sourceTree = "<group>"; };
		897A33E82404BFBA00170B13 /* AboutViewController.swift */ = {isa = PBXFileReference; lastKnownFileType = sourcecode.swift; path = AboutViewController.swift; sourceTree = "<group>"; };
		8993B5BE24075FA00016428B /* Bullseye.html */ = {isa = PBXFileReference; fileEncoding = 4; lastKnownFileType = text.html; name = Bullseye.html; path = Assets.xcassets/Assets/Bullseye.dataset/Bullseye.html; sourceTree = "<group>"; };
		8993B5C1240760130016428B /* WebKit.framework */ = {isa = PBXFileReference; lastKnownFileType = wrapper.framework; name = WebKit.framework; path = System/Library/Frameworks/WebKit.framework; sourceTree = SDKROOT; };
		89D7CB9B240DEA4B00F4D8F2 /* HighScoresTableViewController.swift */ = {isa = PBXFileReference; lastKnownFileType = sourcecode.swift; path = HighScoresTableViewController.swift; sourceTree = "<group>"; };
/* End PBXFileReference section */

/* Begin PBXFrameworksBuildPhase section */
		897A33CE2404890A00170B13 /* Frameworks */ = {
			isa = PBXFrameworksBuildPhase;
			buildActionMask = 2147483647;
			files = (
				8993B5C2240760130016428B /* WebKit.framework in Frameworks */,
			);
			runOnlyForDeploymentPostprocessing = 0;
		};
/* End PBXFrameworksBuildPhase section */

/* Begin PBXGroup section */
		897A33C82404890A00170B13 = {
			isa = PBXGroup;
			children = (
				897A33D32404890A00170B13 /* Bullseye */,
				897A33D22404890A00170B13 /* Products */,
				8993B5C0240760130016428B /* Frameworks */,
			);
			sourceTree = "<group>";
		};
		897A33D22404890A00170B13 /* Products */ = {
			isa = PBXGroup;
			children = (
				897A33D12404890A00170B13 /* Bullseye.app */,
			);
			name = Products;
			sourceTree = "<group>";
		};
		897A33D32404890A00170B13 /* Bullseye */ = {
			isa = PBXGroup;
			children = (
				8993B5BE24075FA00016428B /* Bullseye.html */,
				897A33D42404890A00170B13 /* AppDelegate.swift */,
				897A33D62404890A00170B13 /* SceneDelegate.swift */,
				897A33D82404890A00170B13 /* ViewController.swift */,
				89D7CB9B240DEA4B00F4D8F2 /* HighScoresTableViewController.swift */,
				897A33DA2404890A00170B13 /* Main.storyboard */,
				897A33E82404BFBA00170B13 /* AboutViewController.swift */,
				897A33DD2404890C00170B13 /* Assets.xcassets */,
				897A33DF2404890C00170B13 /* LaunchScreen.storyboard */,
				897A33E22404890C00170B13 /* Info.plist */,
			);
			path = Bullseye;
			sourceTree = "<group>";
		};
		8993B5C0240760130016428B /* Frameworks */ = {
			isa = PBXGroup;
			children = (
				8993B5C1240760130016428B /* WebKit.framework */,
			);
			name = Frameworks;
			sourceTree = "<group>";
		};
/* End PBXGroup section */

/* Begin PBXNativeTarget section */
		897A33D02404890A00170B13 /* Bullseye */ = {
			isa = PBXNativeTarget;
			buildConfigurationList = 897A33E52404890C00170B13 /* Build configuration list for PBXNativeTarget "Bullseye" */;
			buildPhases = (
				897A33CD2404890A00170B13 /* Sources */,
				897A33CE2404890A00170B13 /* Frameworks */,
				897A33CF2404890A00170B13 /* Resources */,
			);
			buildRules = (
			);
			dependencies = (
			);
			name = Bullseye;
			productName = Bullseye;
			productReference = 897A33D12404890A00170B13 /* Bullseye.app */;
			productType = "com.apple.product-type.application";
		};
/* End PBXNativeTarget section */

/* Begin PBXProject section */
		897A33C92404890A00170B13 /* Project object */ = {
			isa = PBXProject;
			attributes = {
				LastSwiftUpdateCheck = 1130;
				LastUpgradeCheck = 1130;
				ORGANIZATIONNAME = "Tiffany Cai";
				TargetAttributes = {
					897A33D02404890A00170B13 = {
						CreatedOnToolsVersion = 11.3.1;
					};
				};
			};
			buildConfigurationList = 897A33CC2404890A00170B13 /* Build configuration list for PBXProject "Bullseye" */;
			compatibilityVersion = "Xcode 9.3";
			developmentRegion = en;
			hasScannedForEncodings = 0;
			knownRegions = (
				en,
				Base,
			);
			mainGroup = 897A33C82404890A00170B13;
			productRefGroup = 897A33D22404890A00170B13 /* Products */;
			projectDirPath = "";
			projectRoot = "";
			targets = (
				897A33D02404890A00170B13 /* Bullseye */,
			);
		};
/* End PBXProject section */

/* Begin PBXResourcesBuildPhase section */
		897A33CF2404890A00170B13 /* Resources */ = {
			isa = PBXResourcesBuildPhase;
			buildActionMask = 2147483647;
			files = (
				897A33E12404890C00170B13 /* LaunchScreen.storyboard in Resources */,
				8993B5BF24075FA00016428B /* Bullseye.html in Resources */,
				897A33DE2404890C00170B13 /* Assets.xcassets in Resources */,
				897A33DC2404890A00170B13 /* Main.storyboard in Resources */,
			);
			runOnlyForDeploymentPostprocessing = 0;
		};
/* End PBXResourcesBuildPhase section */

/* Begin PBXSourcesBuildPhase section */
		897A33CD2404890A00170B13 /* Sources */ = {
			isa = PBXSourcesBuildPhase;
			buildActionMask = 2147483647;
			files = (
				89D7CB9C240DEA4B00F4D8F2 /* HighScoresTableViewController.swift in Sources */,
				897A33D92404890A00170B13 /* ViewController.swift in Sources */,
				897A33D52404890A00170B13 /* AppDelegate.swift in Sources */,
				897A33E92404BFBA00170B13 /* AboutViewController.swift in Sources */,
				897A33D72404890A00170B13 /* SceneDelegate.swift in Sources */,
			);
			runOnlyForDeploymentPostprocessing = 0;
		};
/* End PBXSourcesBuildPhase section */

/* Begin PBXVariantGroup section */
		897A33DA2404890A00170B13 /* Main.storyboard */ = {
			isa = PBXVariantGroup;
			children = (
				897A33DB2404890A00170B13 /* Base */,
			);
			name = Main.storyboard;
			sourceTree = "<group>";
		};
		897A33DF2404890C00170B13 /* LaunchScreen.storyboard */ = {
			isa = PBXVariantGroup;
			children = (
				897A33E02404890C00170B13 /* Base */,
			);
			name = LaunchScreen.storyboard;
			sourceTree = "<group>";
		};
/* End PBXVariantGroup section */

/* Begin XCBuildConfiguration section */
		897A33E32404890C00170B13 /* Debug */ = {
			isa = XCBuildConfiguration;
			buildSettings = {
				ALWAYS_SEARCH_USER_PATHS = NO;
				CLANG_ANALYZER_NONNULL = YES;
				CLANG_ANALYZER_NUMBER_OBJECT_CONVERSION = YES_AGGRESSIVE;
				CLANG_CXX_LANGUAGE_STANDARD = "gnu++14";
				CLANG_CXX_LIBRARY = "libc++";
				CLANG_ENABLE_MODULES = YES;
				CLANG_ENABLE_OBJC_ARC = YES;
				CLANG_ENABLE_OBJC_WEAK = YES;
				CLANG_WARN_BLOCK_CAPTURE_AUTORELEASING = YES;
				CLANG_WARN_BOOL_CONVERSION = YES;
				CLANG_WARN_COMMA = YES;
				CLANG_WARN_CONSTANT_CONVERSION = YES;
				CLANG_WARN_DEPRECATED_OBJC_IMPLEMENTATIONS = YES;
				CLANG_WARN_DIRECT_OBJC_ISA_USAGE = YES_ERROR;
				CLANG_WARN_DOCUMENTATION_COMMENTS = YES;
				CLANG_WARN_EMPTY_BODY = YES;
				CLANG_WARN_ENUM_CONVERSION = YES;
				CLANG_WARN_INFINITE_RECURSION = YES;
				CLANG_WARN_INT_CONVERSION = YES;
				CLANG_WARN_NON_LITERAL_NULL_CONVERSION = YES;
				CLANG_WARN_OBJC_IMPLICIT_RETAIN_SELF = YES;
				CLANG_WARN_OBJC_LITERAL_CONVERSION = YES;
				CLANG_WARN_OBJC_ROOT_CLASS = YES_ERROR;
				CLANG_WARN_RANGE_LOOP_ANALYSIS = YES;
				CLANG_WARN_STRICT_PROTOTYPES = YES;
				CLANG_WARN_SUSPICIOUS_MOVE = YES;
				CLANG_WARN_UNGUARDED_AVAILABILITY = YES_AGGRESSIVE;
				CLANG_WARN_UNREACHABLE_CODE = YES;
				CLANG_WARN__DUPLICATE_METHOD_MATCH = YES;
				COPY_PHASE_STRIP = NO;
				DEBUG_INFORMATION_FORMAT = dwarf;
				ENABLE_STRICT_OBJC_MSGSEND = YES;
				ENABLE_TESTABILITY = YES;
				GCC_C_LANGUAGE_STANDARD = gnu11;
				GCC_DYNAMIC_NO_PIC = NO;
				GCC_NO_COMMON_BLOCKS = YES;
				GCC_OPTIMIZATION_LEVEL = 0;
				GCC_PREPROCESSOR_DEFINITIONS = (
					"DEBUG=1",
					"$(inherited)",
				);
				GCC_WARN_64_TO_32_BIT_CONVERSION = YES;
				GCC_WARN_ABOUT_RETURN_TYPE = YES_ERROR;
				GCC_WARN_UNDECLARED_SELECTOR = YES;
				GCC_WARN_UNINITIALIZED_AUTOS = YES_AGGRESSIVE;
				GCC_WARN_UNUSED_FUNCTION = YES;
				GCC_WARN_UNUSED_VARIABLE = YES;
				IPHONEOS_DEPLOYMENT_TARGET = 13.2;
				MTL_ENABLE_DEBUG_INFO = INCLUDE_SOURCE;
				MTL_FAST_MATH = YES;
				ONLY_ACTIVE_ARCH = YES;
				SDKROOT = iphoneos;
				SWIFT_ACTIVE_COMPILATION_CONDITIONS = DEBUG;
				SWIFT_OPTIMIZATION_LEVEL = "-Onone";
			};
			name = Debug;
		};
		897A33E42404890C00170B13 /* Release */ = {
			isa = XCBuildConfiguration;
			buildSettings = {
				ALWAYS_SEARCH_USER_PATHS = NO;
				CLANG_ANALYZER_NONNULL = YES;
				CLANG_ANALYZER_NUMBER_OBJECT_CONVERSION = YES_AGGRESSIVE;
				CLANG_CXX_LANGUAGE_STANDARD = "gnu++14";
				CLANG_CXX_LIBRARY = "libc++";
				CLANG_ENABLE_MODULES = YES;
				CLANG_ENABLE_OBJC_ARC = YES;
				CLANG_ENABLE_OBJC_WEAK = YES;
				CLANG_WARN_BLOCK_CAPTURE_AUTORELEASING = YES;
				CLANG_WARN_BOOL_CONVERSION = YES;
				CLANG_WARN_COMMA = YES;
				CLANG_WARN_CONSTANT_CONVERSION = YES;
				CLANG_WARN_DEPRECATED_OBJC_IMPLEMENTATIONS = YES;
				CLANG_WARN_DIRECT_OBJC_ISA_USAGE = YES_ERROR;
				CLANG_WARN_DOCUMENTATION_COMMENTS = YES;
				CLANG_WARN_EMPTY_BODY = YES;
				CLANG_WARN_ENUM_CONVERSION = YES;
				CLANG_WARN_INFINITE_RECURSION = YES;
				CLANG_WARN_INT_CONVERSION = YES;
				CLANG_WARN_NON_LITERAL_NULL_CONVERSION = YES;
				CLANG_WARN_OBJC_IMPLICIT_RETAIN_SELF = YES;
				CLANG_WARN_OBJC_LITERAL_CONVERSION = YES;
				CLANG_WARN_OBJC_ROOT_CLASS = YES_ERROR;
				CLANG_WARN_RANGE_LOOP_ANALYSIS = YES;
				CLANG_WARN_STRICT_PROTOTYPES = YES;
				CLANG_WARN_SUSPICIOUS_MOVE = YES;
				CLANG_WARN_UNGUARDED_AVAILABILITY = YES_AGGRESSIVE;
				CLANG_WARN_UNREACHABLE_CODE = YES;
				CLANG_WARN__DUPLICATE_METHOD_MATCH = YES;
				COPY_PHASE_STRIP = NO;
				DEBUG_INFORMATION_FORMAT = "dwarf-with-dsym";
				ENABLE_NS_ASSERTIONS = NO;
				ENABLE_STRICT_OBJC_MSGSEND = YES;
				GCC_C_LANGUAGE_STANDARD = gnu11;
				GCC_NO_COMMON_BLOCKS = YES;
				GCC_WARN_64_TO_32_BIT_CONVERSION = YES;
				GCC_WARN_ABOUT_RETURN_TYPE = YES_ERROR;
				GCC_WARN_UNDECLARED_SELECTOR = YES;
				GCC_WARN_UNINITIALIZED_AUTOS = YES_AGGRESSIVE;
				GCC_WARN_UNUSED_FUNCTION = YES;
				GCC_WARN_UNUSED_VARIABLE = YES;
				IPHONEOS_DEPLOYMENT_TARGET = 13.2;
				MTL_ENABLE_DEBUG_INFO = NO;
				MTL_FAST_MATH = YES;
				SDKROOT = iphoneos;
				SWIFT_COMPILATION_MODE = wholemodule;
				SWIFT_OPTIMIZATION_LEVEL = "-O";
				VALIDATE_PRODUCT = YES;
			};
			name = Release;
		};
		897A33E62404890C00170B13 /* Debug */ = {
			isa = XCBuildConfiguration;
			buildSettings = {
				ASSETCATALOG_COMPILER_APPICON_NAME = AppIcon;
				CODE_SIGN_STYLE = Automatic;
				INFOPLIST_FILE = Bullseye/Info.plist;
				LD_RUNPATH_SEARCH_PATHS = (
					"$(inherited)",
					"@executable_path/Frameworks",
				);
				PRODUCT_BUNDLE_IDENTIFIER = tiffanycai.Bullseye;
				PRODUCT_NAME = "$(TARGET_NAME)";
				SWIFT_VERSION = 5.0;
				TARGETED_DEVICE_FAMILY = "1,2";
			};
			name = Debug;
		};
		897A33E72404890C00170B13 /* Release */ = {
			isa = XCBuildConfiguration;
			buildSettings = {
				ASSETCATALOG_COMPILER_APPICON_NAME = AppIcon;
				CODE_SIGN_STYLE = Automatic;
				INFOPLIST_FILE = Bullseye/Info.plist;
				LD_RUNPATH_SEARCH_PATHS = (
					"$(inherited)",
					"@executable_path/Frameworks",
				);
				PRODUCT_BUNDLE_IDENTIFIER = tiffanycai.Bullseye;
				PRODUCT_NAME = "$(TARGET_NAME)";
				SWIFT_VERSION = 5.0;
				TARGETED_DEVICE_FAMILY = "1,2";
			};
			name = Release;
		};
/* End XCBuildConfiguration section */

/* Begin XCConfigurationList section */
		897A33CC2404890A00170B13 /* Build configuration list for PBXProject "Bullseye" */ = {
			isa = XCConfigurationList;
			buildConfigurations = (
				897A33E32404890C00170B13 /* Debug */,
				897A33E42404890C00170B13 /* Release */,
			);
			defaultConfigurationIsVisible = 0;
			defaultConfigurationName = Release;
		};
		897A33E52404890C00170B13 /* Build configuration list for PBXNativeTarget "Bullseye" */ = {
			isa = XCConfigurationList;
			buildConfigurations = (
				897A33E62404890C00170B13 /* Debug */,
				897A33E72404890C00170B13 /* Release */,
			);
			defaultConfigurationIsVisible = 0;
			defaultConfigurationName = Release;
		};
/* End XCConfigurationList section */
	};
	rootObject = 897A33C92404890A00170B13 /* Project object */;
}
